
Microsoft Visual Studio Solution File, Format Version 12.00
# Visual Studio Version 16
VisualStudioVersion = 16.0.34601.136
MinimumVisualStudioVersion = 10.0.40219.1
Project("{8BC9CEB8-8B4A-11D0-8D11-00A0C91BC942}") = "LJG", "LJG\LJG.vcxproj", "{0C8F088B-0F0E-4EE8-A4E0-194BDBFC13BC}"
EndProject
Project("{2150E333-8FDC-42A3-9474-1A3956D46DE8}") = "CPP", "CPP", "{CAA1B1B4-3E55-413B-B293-ACB9B59FA262}"
EndProject
Project("{8BC9CEB8-8B4A-11D0-8D11-00A0C91BC942}") = "Project1", "Project1\Project1.vcxproj", "{16D9BB69-727B-4EC9-9440-5E6B30023C94}"
EndProject
Project("{2150E333-8FDC-42A3-9474-1A3956D46DE8}") = "DX11", "DX11", "{2BDC19E6-1EBF-4968-B7C3-F200B89CB311}"
EndProject
Project("{8BC9CEB8-8B4A-11D0-8D11-00A0C91BC942}") = "CreateWindow", "CreateWindow\CreateWindow.vcxproj", "{998731C6-BA92-44E9-B887-F750A626C1ED}"
EndProject
Project("{8BC9CEB8-8B4A-11D0-8D11-00A0C91BC942}") = "LinkedList", "LinkedList\LinkedList.vcxproj", "{6B287FB0-3D43-4249-B65F-36EAA10A6034}"
EndProject
Project("{8BC9CEB8-8B4A-11D0-8D11-00A0C91BC942}") = "CodeTest", "CodeTest\CodeTest.vcxproj", "{22DB65CB-10C5-4B3A-84BB-AE96007ACF12}"
EndProject
Project("{8BC9CEB8-8B4A-11D0-8D11-00A0C91BC942}") = "CustomAllocator", "CustomAllocator\CustomAllocator.vcxproj", "{D1616F64-053A-4EA0-84B0-AC56A81426D7}"
EndProject
Project("{8BC9CEB8-8B4A-11D0-8D11-00A0C91BC942}") = "Assignment", "Assignment\Assignment.vcxproj", "{C681E416-DB0F-405C-8447-2121E3EF3DC2}"
EndProject
Project("{8BC9CEB8-8B4A-11D0-8D11-00A0C91BC942}") = "WinAPI_2D", "WinAPI_2D\WinAPI_2D.vcxproj", "{2342169A-025E-419F-A0AA-FF7832F38FE3}"
EndProject
Project("{8BC9CEB8-8B4A-11D0-8D11-00A0C91BC942}") = "CreateDevice", "CreateDevice\CreateDevice.vcxproj", "{D32056AF-268A-48C2-9681-04864A1F2A7B}"
EndProject
Global
	GlobalSection(SolutionConfigurationPlatforms) = preSolution
		Debug|Any CPU = Debug|Any CPU
		Debug|x64 = Debug|x64
		Debug|x86 = Debug|x86
		Release|Any CPU = Release|Any CPU
		Release|x64 = Release|x64
		Release|x86 = Release|x86
	EndGlobalSection
	GlobalSection(ProjectConfigurationPlatforms) = postSolution
		{0C8F088B-0F0E-4EE8-A4E0-194BDBFC13BC}.Debug|Any CPU.ActiveCfg = Debug|x64
		{0C8F088B-0F0E-4EE8-A4E0-194BDBFC13BC}.Debug|Any CPU.Build.0 = Debug|x64
		{0C8F088B-0F0E-4EE8-A4E0-194BDBFC13BC}.Debug|x64.ActiveCfg = Debug|x64
		{0C8F088B-0F0E-4EE8-A4E0-194BDBFC13BC}.Debug|x64.Build.0 = Debug|x64
		{0C8F088B-0F0E-4EE8-A4E0-194BDBFC13BC}.Debug|x86.ActiveCfg = Debug|Win32
		{0C8F088B-0F0E-4EE8-A4E0-194BDBFC13BC}.Debug|x86.Build.0 = Debug|Win32
		{0C8F088B-0F0E-4EE8-A4E0-194BDBFC13BC}.Release|Any CPU.ActiveCfg = Release|x64
		{0C8F088B-0F0E-4EE8-A4E0-194BDBFC13BC}.Release|Any CPU.Build.0 = Release|x64
		{0C8F088B-0F0E-4EE8-A4E0-194BDBFC13BC}.Release|x64.ActiveCfg = Release|x64
		{0C8F088B-0F0E-4EE8-A4E0-194BDBFC13BC}.Release|x64.Build.0 = Release|x64
		{0C8F088B-0F0E-4EE8-A4E0-194BDBFC13BC}.Release|x86.ActiveCfg = Release|Win32
		{0C8F088B-0F0E-4EE8-A4E0-194BDBFC13BC}.Release|x86.Build.0 = Release|Win32
		{16D9BB69-727B-4EC9-9440-5E6B30023C94}.Debug|Any CPU.ActiveCfg = Debug|x64
		{16D9BB69-727B-4EC9-9440-5E6B30023C94}.Debug|Any CPU.Build.0 = Debug|x64
		{16D9BB69-727B-4EC9-9440-5E6B30023C94}.Debug|x64.ActiveCfg = Debug|x64
		{16D9BB69-727B-4EC9-9440-5E6B30023C94}.Debug|x64.Build.0 = Debug|x64
		{16D9BB69-727B-4EC9-9440-5E6B30023C94}.Debug|x86.ActiveCfg = Debug|Win32
		{16D9BB69-727B-4EC9-9440-5E6B30023C94}.Debug|x86.Build.0 = Debug|Win32
		{16D9BB69-727B-4EC9-9440-5E6B30023C94}.Release|Any CPU.ActiveCfg = Release|x64
		{16D9BB69-727B-4EC9-9440-5E6B30023C94}.Release|Any CPU.Build.0 = Release|x64
		{16D9BB69-727B-4EC9-9440-5E6B30023C94}.Release|x64.ActiveCfg = Release|x64
		{16D9BB69-727B-4EC9-9440-5E6B30023C94}.Release|x64.Build.0 = Release|x64
		{16D9BB69-727B-4EC9-9440-5E6B30023C94}.Release|x86.ActiveCfg = Release|Win32
		{16D9BB69-727B-4EC9-9440-5E6B30023C94}.Release|x86.Build.0 = Release|Win32
		{998731C6-BA92-44E9-B887-F750A626C1ED}.Debug|Any CPU.ActiveCfg = Debug|x64
		{998731C6-BA92-44E9-B887-F750A626C1ED}.Debug|Any CPU.Build.0 = Debug|x64
		{998731C6-BA92-44E9-B887-F750A626C1ED}.Debug|x64.ActiveCfg = Debug|x64
		{998731C6-BA92-44E9-B887-F750A626C1ED}.Debug|x64.Build.0 = Debug|x64
		{998731C6-BA92-44E9-B887-F750A626C1ED}.Debug|x86.ActiveCfg = Debug|Win32
		{998731C6-BA92-44E9-B887-F750A626C1ED}.Debug|x86.Build.0 = Debug|Win32
		{998731C6-BA92-44E9-B887-F750A626C1ED}.Release|Any CPU.ActiveCfg = Release|x64
		{998731C6-BA92-44E9-B887-F750A626C1ED}.Release|Any CPU.Build.0 = Release|x64
		{998731C6-BA92-44E9-B887-F750A626C1ED}.Release|x64.ActiveCfg = Release|x64
		{998731C6-BA92-44E9-B887-F750A626C1ED}.Release|x64.Build.0 = Release|x64
		{998731C6-BA92-44E9-B887-F750A626C1ED}.Release|x86.ActiveCfg = Release|Win32
		{998731C6-BA92-44E9-B887-F750A626C1ED}.Release|x86.Build.0 = Release|Win32
		{6B287FB0-3D43-4249-B65F-36EAA10A6034}.Debug|Any CPU.ActiveCfg = Debug|x64
		{6B287FB0-3D43-4249-B65F-36EAA10A6034}.Debug|Any CPU.Build.0 = Debug|x64
		{6B287FB0-3D43-4249-B65F-36EAA10A6034}.Debug|x64.ActiveCfg = Debug|x64
		{6B287FB0-3D43-4249-B65F-36EAA10A6034}.Debug|x64.Build.0 = Debug|x64
		{6B287FB0-3D43-4249-B65F-36EAA10A6034}.Debug|x86.ActiveCfg = Debug|Win32
		{6B287FB0-3D43-4249-B65F-36EAA10A6034}.Debug|x86.Build.0 = Debug|Win32
		{6B287FB0-3D43-4249-B65F-36EAA10A6034}.Release|Any CPU.ActiveCfg = Release|x64
		{6B287FB0-3D43-4249-B65F-36EAA10A6034}.Release|Any CPU.Build.0 = Release|x64
		{6B287FB0-3D43-4249-B65F-36EAA10A6034}.Release|x64.ActiveCfg = Release|x64
		{6B287FB0-3D43-4249-B65F-36EAA10A6034}.Release|x64.Build.0 = Release|x64
		{6B287FB0-3D43-4249-B65F-36EAA10A6034}.Release|x86.ActiveCfg = Release|Win32
		{6B287FB0-3D43-4249-B65F-36EAA10A6034}.Release|x86.Build.0 = Release|Win32
		{22DB65CB-10C5-4B3A-84BB-AE96007ACF12}.Debug|Any CPU.ActiveCfg = Debug|x64
		{22DB65CB-10C5-4B3A-84BB-AE96007ACF12}.Debug|Any CPU.Build.0 = Debug|x64
		{22DB65CB-10C5-4B3A-84BB-AE96007ACF12}.Debug|x64.ActiveCfg = Debug|x64
		{22DB65CB-10C5-4B3A-84BB-AE96007ACF12}.Debug|x64.Build.0 = Debug|x64
		{22DB65CB-10C5-4B3A-84BB-AE96007ACF12}.Debug|x86.ActiveCfg = Debug|Win32
		{22DB65CB-10C5-4B3A-84BB-AE96007ACF12}.Debug|x86.Build.0 = Debug|Win32
		{22DB65CB-10C5-4B3A-84BB-AE96007ACF12}.Release|Any CPU.ActiveCfg = Release|x64
		{22DB65CB-10C5-4B3A-84BB-AE96007ACF12}.Release|Any CPU.Build.0 = Release|x64
		{22DB65CB-10C5-4B3A-84BB-AE96007ACF12}.Release|x64.ActiveCfg = Release|x64
		{22DB65CB-10C5-4B3A-84BB-AE96007ACF12}.Release|x64.Build.0 = Release|x64
		{22DB65CB-10C5-4B3A-84BB-AE96007ACF12}.Release|x86.ActiveCfg = Release|Win32
		{22DB65CB-10C5-4B3A-84BB-AE96007ACF12}.Release|x86.Build.0 = Release|Win32
		{D1616F64-053A-4EA0-84B0-AC56A81426D7}.Debug|Any CPU.ActiveCfg = Debug|x64
		{D1616F64-053A-4EA0-84B0-AC56A81426D7}.Debug|Any CPU.Build.0 = Debug|x64
		{D1616F64-053A-4EA0-84B0-AC56A81426D7}.Debug|x64.ActiveCfg = Debug|x64
		{D1616F64-053A-4EA0-84B0-AC56A81426D7}.Debug|x64.Build.0 = Debug|x64
		{D1616F64-053A-4EA0-84B0-AC56A81426D7}.Debug|x86.ActiveCfg = Debug|Win32
		{D1616F64-053A-4EA0-84B0-AC56A81426D7}.Debug|x86.Build.0 = Debug|Win32
		{D1616F64-053A-4EA0-84B0-AC56A81426D7}.Release|Any CPU.ActiveCfg = Release|x64
		{D1616F64-053A-4EA0-84B0-AC56A81426D7}.Release|Any CPU.Build.0 = Release|x64
		{D1616F64-053A-4EA0-84B0-AC56A81426D7}.Release|x64.ActiveCfg = Release|x64
		{D1616F64-053A-4EA0-84B0-AC56A81426D7}.Release|x64.Build.0 = Release|x64
		{D1616F64-053A-4EA0-84B0-AC56A81426D7}.Release|x86.ActiveCfg = Release|Win32
		{D1616F64-053A-4EA0-84B0-AC56A81426D7}.Release|x86.Build.0 = Release|Win32
		{C681E416-DB0F-405C-8447-2121E3EF3DC2}.Debug|Any CPU.ActiveCfg = Debug|x64
		{C681E416-DB0F-405C-8447-2121E3EF3DC2}.Debug|Any CPU.Build.0 = Debug|x64
		{C681E416-DB0F-405C-8447-2121E3EF3DC2}.Debug|x64.ActiveCfg = Debug|x64
		{C681E416-DB0F-405C-8447-2121E3EF3DC2}.Debug|x64.Build.0 = Debug|x64
		{C681E416-DB0F-405C-8447-2121E3EF3DC2}.Debug|x86.ActiveCfg = Debug|Win32
		{C681E416-DB0F-405C-8447-2121E3EF3DC2}.Debug|x86.Build.0 = Debug|Win32
		{C681E416-DB0F-405C-8447-2121E3EF3DC2}.Release|Any CPU.ActiveCfg = Release|x64
		{C681E416-DB0F-405C-8447-2121E3EF3DC2}.Release|Any CPU.Build.0 = Release|x64
		{C681E416-DB0F-405C-8447-2121E3EF3DC2}.Release|x64.ActiveCfg = Release|x64
		{C681E416-DB0F-405C-8447-2121E3EF3DC2}.Release|x64.Build.0 = Release|x64
		{C681E416-DB0F-405C-8447-2121E3EF3DC2}.Release|x86.ActiveCfg = Release|Win32
		{C681E416-DB0F-405C-8447-2121E3EF3DC2}.Release|x86.Build.0 = Release|Win32
		{2342169A-025E-419F-A0AA-FF7832F38FE3}.Debug|Any CPU.ActiveCfg = Debug|Win32
		{2342169A-025E-419F-A0AA-FF7832F38FE3}.Debug|x64.ActiveCfg = Debug|x64
		{2342169A-025E-419F-A0AA-FF7832F38FE3}.Debug|x64.Build.0 = Debug|x64
		{2342169A-025E-419F-A0AA-FF7832F38FE3}.Debug|x86.ActiveCfg = Debug|Win32
		{2342169A-025E-419F-A0AA-FF7832F38FE3}.Debug|x86.Build.0 = Debug|Win32
		{2342169A-025E-419F-A0AA-FF7832F38FE3}.Release|Any CPU.ActiveCfg = Release|Win32
		{2342169A-025E-419F-A0AA-FF7832F38FE3}.Release|x64.ActiveCfg = Release|x64
		{2342169A-025E-419F-A0AA-FF7832F38FE3}.Release|x64.Build.0 = Release|x64
		{2342169A-025E-419F-A0AA-FF7832F38FE3}.Release|x86.ActiveCfg = Release|Win32
		{2342169A-025E-419F-A0AA-FF7832F38FE3}.Release|x86.Build.0 = Release|Win32
		{D32056AF-268A-48C2-9681-04864A1F2A7B}.Debug|Any CPU.ActiveCfg = Debug|Win32
		{D32056AF-268A-48C2-9681-04864A1F2A7B}.Debug|x64.ActiveCfg = Debug|x64
		{D32056AF-268A-48C2-9681-04864A1F2A7B}.Debug|x64.Build.0 = Debug|x64
		{D32056AF-268A-48C2-9681-04864A1F2A7B}.Debug|x86.ActiveCfg = Debug|Win32
		{D32056AF-268A-48C2-9681-04864A1F2A7B}.Debug|x86.Build.0 = Debug|Win32
		{D32056AF-268A-48C2-9681-04864A1F2A7B}.Release|Any CPU.ActiveCfg = Release|Win32
		{D32056AF-268A-48C2-9681-04864A1F2A7B}.Release|x64.ActiveCfg = Release|x64
		{D32056AF-268A-48C2-9681-04864A1F2A7B}.Release|x64.Build.0 = Release|x64
		{D32056AF-268A-48C2-9681-04864A1F2A7B}.Release|x86.ActiveCfg = Release|Win32
		{D32056AF-268A-48C2-9681-04864A1F2A7B}.Release|x86.Build.0 = Release|Win32
	EndGlobalSection
	GlobalSection(SolutionProperties) = preSolution
		HideSolutionNode = FALSE
	EndGlobalSection
	GlobalSection(NestedProjects) = preSolution
		{16D9BB69-727B-4EC9-9440-5E6B30023C94} = {CAA1B1B4-3E55-413B-B293-ACB9B59FA262}
		{998731C6-BA92-44E9-B887-F750A626C1ED} = {2BDC19E6-1EBF-4968-B7C3-F200B89CB311}
		{6B287FB0-3D43-4249-B65F-36EAA10A6034} = {CAA1B1B4-3E55-413B-B293-ACB9B59FA262}
		{22DB65CB-10C5-4B3A-84BB-AE96007ACF12} = {CAA1B1B4-3E55-413B-B293-ACB9B59FA262}
		{D1616F64-053A-4EA0-84B0-AC56A81426D7} = {CAA1B1B4-3E55-413B-B293-ACB9B59FA262}
		{C681E416-DB0F-405C-8447-2121E3EF3DC2} = {CAA1B1B4-3E55-413B-B293-ACB9B59FA262}
		{2342169A-025E-419F-A0AA-FF7832F38FE3} = {2BDC19E6-1EBF-4968-B7C3-F200B89CB311}
		{D32056AF-268A-48C2-9681-04864A1F2A7B} = {2BDC19E6-1EBF-4968-B7C3-F200B89CB311}
	EndGlobalSection
	GlobalSection(ExtensibilityGlobals) = postSolution
		SolutionGuid = {CB672D37-9B52-4589-9F18-38073B3E9D0A}
	EndGlobalSection
EndGlobal
